
Microsoft Visual Studio Solution File, Format Version 12.00
# Visual Studio Version 16
VisualStudioVersion = 16.0.35425.106
MinimumVisualStudioVersion = 10.0.40219.1
Project("{FAE04EC0-301F-11D3-BF4B-00C04F79EFBC}") = "Assesment7", "Assesment7\Assesment7.csproj", "{CDFD4408-CADF-4985-9D14-91B0F27621CC}"
EndProject
Global
	GlobalSection(SolutionConfigurationPlatforms) = preSolution
		Debug|Any CPU = Debug|Any CPU
		Release|Any CPU = Release|Any CPU
	EndGlobalSection
	GlobalSection(ProjectConfigurationPlatforms) = postSolution
		{CDFD4408-CADF-4985-9D14-91B0F27621CC}.Debug|Any CPU.ActiveCfg = Debug|Any CPU
		{CDFD4408-CADF-4985-9D14-91B0F27621CC}.Debug|Any CPU.Build.0 = Debug|Any CPU
		{CDFD4408-CADF-4985-9D14-91B0F27621CC}.Release|Any CPU.ActiveCfg = Release|Any CPU
		{CDFD4408-CADF-4985-9D14-91B0F27621CC}.Release|Any CPU.Build.0 = Release|Any CPU
	EndGlobalSection
	GlobalSection(SolutionProperties) = preSolution
		HideSolutionNode = FALSE
	EndGlobalSection
	GlobalSection(ExtensibilityGlobals) = postSolution
		SolutionGuid = {C5BFB24B-20FF-4833-93DD-28B77AF5EC72}
	EndGlobalSection
EndGlobal
