
Microsoft Visual Studio Solution File, Format Version 12.00
# Visual Studio Version 16
VisualStudioVersion = 16.0.35425.106
MinimumVisualStudioVersion = 10.0.40219.1
Project("{FAE04EC0-301F-11D3-BF4B-00C04F79EFBC}") = "HTML_Assignment", "HTML_Assignment\HTML_Assignment.csproj", "{BC81D984-FCAC-4CAB-984E-799C1C56F8E5}"
EndProject
Global
	GlobalSection(SolutionConfigurationPlatforms) = preSolution
		Debug|Any CPU = Debug|Any CPU
		Release|Any CPU = Release|Any CPU
	EndGlobalSection
	GlobalSection(ProjectConfigurationPlatforms) = postSolution
		{BC81D984-FCAC-4CAB-984E-799C1C56F8E5}.Debug|Any CPU.ActiveCfg = Debug|Any CPU
		{BC81D984-FCAC-4CAB-984E-799C1C56F8E5}.Debug|Any CPU.Build.0 = Debug|Any CPU
		{BC81D984-FCAC-4CAB-984E-799C1C56F8E5}.Release|Any CPU.ActiveCfg = Release|Any CPU
		{BC81D984-FCAC-4CAB-984E-799C1C56F8E5}.Release|Any CPU.Build.0 = Release|Any CPU
	EndGlobalSection
	GlobalSection(SolutionProperties) = preSolution
		HideSolutionNode = FALSE
	EndGlobalSection
	GlobalSection(ExtensibilityGlobals) = postSolution
		SolutionGuid = {3D2E9226-FB86-4E43-9C28-322440C46697}
	EndGlobalSection
EndGlobal
